
Microsoft Visual Studio Solution File, Format Version 12.00
# Visual Studio Version 17
VisualStudioVersion = 17.7.34031.279
MinimumVisualStudioVersion = 10.0.40219.1
Project("{FAE04EC0-301F-11D3-BF4B-00C04F79EFBC}") = "Ptnr_Cell4Z", "Ptnr_Cell4Z.csproj", "{65C7C04E-DAD1-4EC5-87A4-B79D646DE81F}"
EndProject
Global
	GlobalSection(SolutionConfigurationPlatforms) = preSolution
		Debug|Any CPU = Debug|Any CPU
		Release|Any CPU = Release|Any CPU
	EndGlobalSection
	GlobalSection(ProjectConfigurationPlatforms) = postSolution
		{65C7C04E-DAD1-4EC5-87A4-B79D646DE81F}.Debug|Any CPU.ActiveCfg = Debug|Any CPU
		{65C7C04E-DAD1-4EC5-87A4-B79D646DE81F}.Debug|Any CPU.Build.0 = Debug|Any CPU
		{65C7C04E-DAD1-4EC5-87A4-B79D646DE81F}.Release|Any CPU.ActiveCfg = Release|Any CPU
		{65C7C04E-DAD1-4EC5-87A4-B79D646DE81F}.Release|Any CPU.Build.0 = Release|Any CPU
	EndGlobalSection
	GlobalSection(SolutionProperties) = preSolution
		HideSolutionNode = FALSE
	EndGlobalSection
	GlobalSection(ExtensibilityGlobals) = postSolution
		SolutionGuid = {605D7D29-B732-4B95-B32C-7F8FEB0A371B}
	EndGlobalSection
EndGlobal
